
Microsoft Visual Studio Solution File, Format Version 12.00
# Visual Studio Version 16
VisualStudioVersion = 16.0.31702.278
MinimumVisualStudioVersion = 10.0.40219.1
Project("{FAE04EC0-301F-11D3-BF4B-00C04F79EFBC}") = "Part49Access Modifiers", "Part49Access Modifiers\Part49Access Modifiers.csproj", "{5E920904-671A-4488-983A-C5BD0D2CFF70}"
EndProject
Global
	GlobalSection(SolutionConfigurationPlatforms) = preSolution
		Debug|Any CPU = Debug|Any CPU
		Release|Any CPU = Release|Any CPU
	EndGlobalSection
	GlobalSection(ProjectConfigurationPlatforms) = postSolution
		{5E920904-671A-4488-983A-C5BD0D2CFF70}.Debug|Any CPU.ActiveCfg = Debug|Any CPU
		{5E920904-671A-4488-983A-C5BD0D2CFF70}.Debug|Any CPU.Build.0 = Debug|Any CPU
		{5E920904-671A-4488-983A-C5BD0D2CFF70}.Release|Any CPU.ActiveCfg = Release|Any CPU
		{5E920904-671A-4488-983A-C5BD0D2CFF70}.Release|Any CPU.Build.0 = Release|Any CPU
	EndGlobalSection
	GlobalSection(SolutionProperties) = preSolution
		HideSolutionNode = FALSE
	EndGlobalSection
	GlobalSection(ExtensibilityGlobals) = postSolution
		SolutionGuid = {5C44666C-AC02-47AD-85E8-59B5A3463D39}
	EndGlobalSection
EndGlobal
